
Microsoft Visual Studio Solution File, Format Version 12.00
Project("{2150E333-8FDC-42A3-9474-1A3956D46DE8}") = "src", "src", "{268D4C2A-305D-42B2-A77B-9BE11087DE7C}"
EndProject
Project("{FAE04EC0-301F-11D3-BF4B-00C04F79EFBC}") = "Domain", "src\Domain\Domain.csproj", "{88130094-9298-466B-8BF8-41A5CE706934}"
EndProject
Project("{FAE04EC0-301F-11D3-BF4B-00C04F79EFBC}") = "Infrastructure", "src\Infrastructure\Infrastructure.csproj", "{9B5C73EF-954F-40A2-BC89-924E8835B2A5}"
EndProject
Project("{FAE04EC0-301F-11D3-BF4B-00C04F79EFBC}") = "Application", "src\Application\Application.csproj", "{A987D8F2-9B2F-44EC-B8DA-D5750ED110DF}"
EndProject
Project("{FAE04EC0-301F-11D3-BF4B-00C04F79EFBC}") = "Presentation", "src\Presentation\Presentation\Presentation.csproj", "{677DCA15-DDB8-4512-84E6-D2D515EE4182}"
EndProject
Project("{FAE04EC0-301F-11D3-BF4B-00C04F79EFBC}") = "Presentation.Client", "src\Presentation\Presentation.Client\Presentation.Client.csproj", "{DCC98774-0DFA-47AC-869D-9B856FCD4D03}"
EndProject
Project("{FAE04EC0-301F-11D3-BF4B-00C04F79EFBC}") = "Presentation.Shared", "src\Presentation\Presentation.Shared\Presentation.Shared.csproj", "{E16C08E2-0972-4F8C-914B-F2E8DEE3EC4D}"
EndProject
Project("{2150E333-8FDC-42A3-9474-1A3956D46DE8}") = "tests", "tests", "{D4CF4661-E8A0-4013-BE0D-C037BDEEE6A5}"
EndProject
Project("{FAE04EC0-301F-11D3-BF4B-00C04F79EFBC}") = "ArchitectureTests", "tests\ArchitectureTests\ArchitectureTests.csproj", "{B6594A08-A062-4CD6-BD41-B04FB6AE423C}"
EndProject
Project("{FAE04EC0-301F-11D3-BF4B-00C04F79EFBC}") = "UnitTests", "tests\UnitTests\UnitTests.csproj", "{71F0E9C7-333E-4D56-AC55-1681F2F6ED70}"
EndProject
Project("{FAE04EC0-301F-11D3-BF4B-00C04F79EFBC}") = "IntegrationTests", "tests\IntegrationTests\IntegrationTests.csproj", "{E941BBC3-B810-4941-889F-4209258D690F}"
EndProject
Global
	GlobalSection(SolutionConfigurationPlatforms) = preSolution
		Debug|Any CPU = Debug|Any CPU
		Release|Any CPU = Release|Any CPU
	EndGlobalSection
	GlobalSection(NestedProjects) = preSolution
		{88130094-9298-466B-8BF8-41A5CE706934} = {268D4C2A-305D-42B2-A77B-9BE11087DE7C}
		{9B5C73EF-954F-40A2-BC89-924E8835B2A5} = {268D4C2A-305D-42B2-A77B-9BE11087DE7C}
		{A987D8F2-9B2F-44EC-B8DA-D5750ED110DF} = {268D4C2A-305D-42B2-A77B-9BE11087DE7C}
		{677DCA15-DDB8-4512-84E6-D2D515EE4182} = {268D4C2A-305D-42B2-A77B-9BE11087DE7C}
		{DCC98774-0DFA-47AC-869D-9B856FCD4D03} = {268D4C2A-305D-42B2-A77B-9BE11087DE7C}
		{E16C08E2-0972-4F8C-914B-F2E8DEE3EC4D} = {268D4C2A-305D-42B2-A77B-9BE11087DE7C}
		{B6594A08-A062-4CD6-BD41-B04FB6AE423C} = {D4CF4661-E8A0-4013-BE0D-C037BDEEE6A5}
		{71F0E9C7-333E-4D56-AC55-1681F2F6ED70} = {D4CF4661-E8A0-4013-BE0D-C037BDEEE6A5}
		{E941BBC3-B810-4941-889F-4209258D690F} = {D4CF4661-E8A0-4013-BE0D-C037BDEEE6A5}
	EndGlobalSection
	GlobalSection(ProjectConfigurationPlatforms) = postSolution
		{88130094-9298-466B-8BF8-41A5CE706934}.Debug|Any CPU.ActiveCfg = Debug|Any CPU
		{88130094-9298-466B-8BF8-41A5CE706934}.Debug|Any CPU.Build.0 = Debug|Any CPU
		{88130094-9298-466B-8BF8-41A5CE706934}.Release|Any CPU.ActiveCfg = Release|Any CPU
		{88130094-9298-466B-8BF8-41A5CE706934}.Release|Any CPU.Build.0 = Release|Any CPU
		{9B5C73EF-954F-40A2-BC89-924E8835B2A5}.Debug|Any CPU.ActiveCfg = Debug|Any CPU
		{9B5C73EF-954F-40A2-BC89-924E8835B2A5}.Debug|Any CPU.Build.0 = Debug|Any CPU
		{9B5C73EF-954F-40A2-BC89-924E8835B2A5}.Release|Any CPU.ActiveCfg = Release|Any CPU
		{9B5C73EF-954F-40A2-BC89-924E8835B2A5}.Release|Any CPU.Build.0 = Release|Any CPU
		{A987D8F2-9B2F-44EC-B8DA-D5750ED110DF}.Debug|Any CPU.ActiveCfg = Debug|Any CPU
		{A987D8F2-9B2F-44EC-B8DA-D5750ED110DF}.Debug|Any CPU.Build.0 = Debug|Any CPU
		{A987D8F2-9B2F-44EC-B8DA-D5750ED110DF}.Release|Any CPU.ActiveCfg = Release|Any CPU
		{A987D8F2-9B2F-44EC-B8DA-D5750ED110DF}.Release|Any CPU.Build.0 = Release|Any CPU
		{677DCA15-DDB8-4512-84E6-D2D515EE4182}.Debug|Any CPU.ActiveCfg = Debug|Any CPU
		{677DCA15-DDB8-4512-84E6-D2D515EE4182}.Debug|Any CPU.Build.0 = Debug|Any CPU
		{677DCA15-DDB8-4512-84E6-D2D515EE4182}.Release|Any CPU.ActiveCfg = Release|Any CPU
		{677DCA15-DDB8-4512-84E6-D2D515EE4182}.Release|Any CPU.Build.0 = Release|Any CPU
		{DCC98774-0DFA-47AC-869D-9B856FCD4D03}.Debug|Any CPU.ActiveCfg = Debug|Any CPU
		{DCC98774-0DFA-47AC-869D-9B856FCD4D03}.Debug|Any CPU.Build.0 = Debug|Any CPU
		{DCC98774-0DFA-47AC-869D-9B856FCD4D03}.Release|Any CPU.ActiveCfg = Release|Any CPU
		{DCC98774-0DFA-47AC-869D-9B856FCD4D03}.Release|Any CPU.Build.0 = Release|Any CPU
		{E16C08E2-0972-4F8C-914B-F2E8DEE3EC4D}.Debug|Any CPU.ActiveCfg = Debug|Any CPU
		{E16C08E2-0972-4F8C-914B-F2E8DEE3EC4D}.Debug|Any CPU.Build.0 = Debug|Any CPU
		{E16C08E2-0972-4F8C-914B-F2E8DEE3EC4D}.Release|Any CPU.ActiveCfg = Release|Any CPU
		{E16C08E2-0972-4F8C-914B-F2E8DEE3EC4D}.Release|Any CPU.Build.0 = Release|Any CPU
		{B6594A08-A062-4CD6-BD41-B04FB6AE423C}.Debug|Any CPU.ActiveCfg = Debug|Any CPU
		{B6594A08-A062-4CD6-BD41-B04FB6AE423C}.Debug|Any CPU.Build.0 = Debug|Any CPU
		{B6594A08-A062-4CD6-BD41-B04FB6AE423C}.Release|Any CPU.ActiveCfg = Release|Any CPU
		{B6594A08-A062-4CD6-BD41-B04FB6AE423C}.Release|Any CPU.Build.0 = Release|Any CPU
		{71F0E9C7-333E-4D56-AC55-1681F2F6ED70}.Debug|Any CPU.ActiveCfg = Debug|Any CPU
		{71F0E9C7-333E-4D56-AC55-1681F2F6ED70}.Debug|Any CPU.Build.0 = Debug|Any CPU
		{71F0E9C7-333E-4D56-AC55-1681F2F6ED70}.Release|Any CPU.ActiveCfg = Release|Any CPU
		{71F0E9C7-333E-4D56-AC55-1681F2F6ED70}.Release|Any CPU.Build.0 = Release|Any CPU
		{E941BBC3-B810-4941-889F-4209258D690F}.Debug|Any CPU.ActiveCfg = Debug|Any CPU
		{E941BBC3-B810-4941-889F-4209258D690F}.Debug|Any CPU.Build.0 = Debug|Any CPU
		{E941BBC3-B810-4941-889F-4209258D690F}.Release|Any CPU.ActiveCfg = Release|Any CPU
		{E941BBC3-B810-4941-889F-4209258D690F}.Release|Any CPU.Build.0 = Release|Any CPU
	EndGlobalSection
EndGlobal
